// !$*UTF8*$!
{
	archiveVersion = 1;
	classes = {
	};
	objectVersion = 46;
	objects = {

/* Begin PBXBuildFile section */
		A90B6FDC1BC2C58600DCBC73 /* ItemList.plist in Resources */ = {isa = PBXBuildFile; fileRef = A90B6FDB1BC2C58600DCBC73 /* ItemList.plist */; };
		A90B6FDE1BC2C67300DCBC73 /* PlanetData.json in Resources */ = {isa = PBXBuildFile; fileRef = A90B6FDD1BC2C67300DCBC73 /* PlanetData.json */; };
		A90B6FE11BC2EF1D00DCBC73 /* AlienAdventure1.swift in Sources */ = {isa = PBXBuildFile; fileRef = A90B6FE01BC2EF1D00DCBC73 /* AlienAdventure1.swift */; };
		A90B6FE31BC2EF4C00DCBC73 /* AlienAdventure2.swift in Sources */ = {isa = PBXBuildFile; fileRef = A90B6FE21BC2EF4C00DCBC73 /* AlienAdventure2.swift */; };
		A90B6FE51BC2EF5500DCBC73 /* AlienAdventure3.swift in Sources */ = {isa = PBXBuildFile; fileRef = A90B6FE41BC2EF5500DCBC73 /* AlienAdventure3.swift */; };
		A90B6FE71BC2EF5E00DCBC73 /* AlienAdventure4.swift in Sources */ = {isa = PBXBuildFile; fileRef = A90B6FE61BC2EF5E00DCBC73 /* AlienAdventure4.swift */; };
		A919BC7A1BBC5F9D0019C7FA /* MatchMoonRocks.swift in Sources */ = {isa = PBXBuildFile; fileRef = A919BC791BBC5F9D0019C7FA /* MatchMoonRocks.swift */; };
		A919BC7D1BBC5FC00019C7FA /* InscriptionEternalStar.swift in Sources */ = {isa = PBXBuildFile; fileRef = A919BC7C1BBC5FC00019C7FA /* InscriptionEternalStar.swift */; };
		A919BC7F1BBC5FD70019C7FA /* LeastValuableItem.swift in Sources */ = {isa = PBXBuildFile; fileRef = A919BC7E1BBC5FD70019C7FA /* LeastValuableItem.swift */; };
		A919BC811BBC5FEB0019C7FA /* ShuffleStrings.swift in Sources */ = {isa = PBXBuildFile; fileRef = A919BC801BBC5FEB0019C7FA /* ShuffleStrings.swift */; };
		A919BC861BBCA5250019C7FA /* UDLineOfDialogue.swift in Sources */ = {isa = PBXBuildFile; fileRef = A919BC851BBCA5250019C7FA /* UDLineOfDialogue.swift */; };
		A919BC891BBCA8120019C7FA /* UDRequestSM.swift in Sources */ = {isa = PBXBuildFile; fileRef = A919BC881BBCA8120019C7FA /* UDRequestSM.swift */; };
		A919BC8B1BBCA83F0019C7FA /* UDGameSM.swift in Sources */ = {isa = PBXBuildFile; fileRef = A919BC8A1BBCA83F0019C7FA /* UDGameSM.swift */; };
		A96A5A9A1BC1F71300910C1A /* ItemComparison.swift in Sources */ = {isa = PBXBuildFile; fileRef = A96A5A991BC1F71300910C1A /* ItemComparison.swift */; };
		A96A5A9C1BC1F72200910C1A /* RarityOfItems.swift in Sources */ = {isa = PBXBuildFile; fileRef = A96A5A9B1BC1F72200910C1A /* RarityOfItems.swift */; };
		A96A5A9E1BC1F74300910C1A /* BannedItems.swift in Sources */ = {isa = PBXBuildFile; fileRef = A96A5A9D1BC1F74300910C1A /* BannedItems.swift */; };
		A96A5AA01BC1F74D00910C1A /* PlanetData.swift in Sources */ = {isa = PBXBuildFile; fileRef = A96A5A9F1BC1F74D00910C1A /* PlanetData.swift */; };
		A96A5AA21BC1F75800910C1A /* MostCommonCharacter.swift in Sources */ = {isa = PBXBuildFile; fileRef = A96A5AA11BC1F75800910C1A /* MostCommonCharacter.swift */; };
		A96A5AA61BC1F7FD00910C1A /* Badge.swift in Sources */ = {isa = PBXBuildFile; fileRef = A96A5AA51BC1F7FD00910C1A /* Badge.swift */; };
		A96A5AA81BC1F81700910C1A /* SpecialBadge.swift in Sources */ = {isa = PBXBuildFile; fileRef = A96A5AA71BC1F81700910C1A /* SpecialBadge.swift */; };
		A96A5AAA1BC1F83F00910C1A /* CheckBadges.swift in Sources */ = {isa = PBXBuildFile; fileRef = A96A5AA91BC1F83F00910C1A /* CheckBadges.swift */; };
		A96A5AAC1BC1F86100910C1A /* SettingsViewController.swift in Sources */ = {isa = PBXBuildFile; fileRef = A96A5AAB1BC1F86100910C1A /* SettingsViewController.swift */; };
		A96A5AAE1BC204E500910C1A /* PolicingItems.swift in Sources */ = {isa = PBXBuildFile; fileRef = A96A5AAD1BC204E500910C1A /* PolicingItems.swift */; };
		A96A5AB01BC204F200910C1A /* FindTheLasers.swift in Sources */ = {isa = PBXBuildFile; fileRef = A96A5AAF1BC204F200910C1A /* FindTheLasers.swift */; };
		A96A5AB51BC2051D00910C1A /* RedefinePolicingItems.swift in Sources */ = {isa = PBXBuildFile; fileRef = A96A5AB41BC2051D00910C1A /* RedefinePolicingItems.swift */; };
		A96A5AB71BC2052D00910C1A /* BoostItemValue.swift in Sources */ = {isa = PBXBuildFile; fileRef = A96A5AB61BC2052D00910C1A /* BoostItemValue.swift */; };
		A96A5AB91BC2053C00910C1A /* SortLeastToGreatest.swift in Sources */ = {isa = PBXBuildFile; fileRef = A96A5AB81BC2053C00910C1A /* SortLeastToGreatest.swift */; };
		A96A5ABB1BC2054E00910C1A /* GetCommonItems.swift in Sources */ = {isa = PBXBuildFile; fileRef = A96A5ABA1BC2054E00910C1A /* GetCommonItems.swift */; };
		A96A5ABD1BC2055D00910C1A /* TotalBaseValue.swift in Sources */ = {isa = PBXBuildFile; fileRef = A96A5ABC1BC2055D00910C1A /* TotalBaseValue.swift */; };
		A96A5AC11BC2057A00910C1A /* RemoveDuplicates.swift in Sources */ = {isa = PBXBuildFile; fileRef = A96A5AC01BC2057A00910C1A /* RemoveDuplicates.swift */; };
		A96A82821BB9DF3B006E27CC /* UDDataLoader.swift in Sources */ = {isa = PBXBuildFile; fileRef = A96A82811BB9DF3B006E27CC /* UDDataLoader.swift */; };
		A96A82841BB9E08E006E27CC /* UDRequest.swift in Sources */ = {isa = PBXBuildFile; fileRef = A96A82831BB9E08E006E27CC /* UDRequest.swift */; };
		A96A82861BB9E0BA006E27CC /* UDItem.swift in Sources */ = {isa = PBXBuildFile; fileRef = A96A82851BB9E0BA006E27CC /* UDItem.swift */; };
		A96A82881BB9E1DC006E27CC /* UDConversation.swift in Sources */ = {isa = PBXBuildFile; fileRef = A96A82871BB9E1DC006E27CC /* UDConversation.swift */; };
		A96A828A1BB9EAC3006E27CC /* UDItemIndex.swift in Sources */ = {isa = PBXBuildFile; fileRef = A96A82891BB9EAC3006E27CC /* UDItemIndex.swift */; };
		A96A828C1BBA18BB006E27CC /* UDAnimation.swift in Sources */ = {isa = PBXBuildFile; fileRef = A96A828B1BBA18BB006E27CC /* UDAnimation.swift */; };
		A98021981BC6E91400349EF5 /* AddBadge.swift in Sources */ = {isa = PBXBuildFile; fileRef = A98021971BC6E91400349EF5 /* AddBadge.swift */; };
		A9818DD01BBB1952001E2606 /* ReverseLongestName.swift in Sources */ = {isa = PBXBuildFile; fileRef = A9818DCF1BBB1952001E2606 /* ReverseLongestName.swift */; };
		A9818DD21BBB4159001E2606 /* UDRequestTester.swift in Sources */ = {isa = PBXBuildFile; fileRef = A9818DD11BBB4159001E2606 /* UDRequestTester.swift */; };
		A9BD4DC71BAC821800C877DB /* hero.atlas in Resources */ = {isa = PBXBuildFile; fileRef = A9BD4DC41BAC821800C877DB /* hero.atlas */; };
		A9BD4DC81BAC821800C877DB /* treasure.atlas in Resources */ = {isa = PBXBuildFile; fileRef = A9BD4DC51BAC821800C877DB /* treasure.atlas */; };
		A9BEF37A1BAD0464009FAD66 /* Settings.swift in Sources */ = {isa = PBXBuildFile; fileRef = A9BEF3791BAD0464009FAD66 /* Settings.swift */; };
		A9BEF37C1BAD0735009FAD66 /* GameData.plist in Resources */ = {isa = PBXBuildFile; fileRef = A9BEF37B1BAD0735009FAD66 /* GameData.plist */; };
		A9C2B4A21B8E2ED2007983DB /* AppDelegate.swift in Sources */ = {isa = PBXBuildFile; fileRef = A9C2B4A11B8E2ED2007983DB /* AppDelegate.swift */; };
		A9C2B4AB1B8E2ED2007983DB /* Main.storyboard in Resources */ = {isa = PBXBuildFile; fileRef = A9C2B4A91B8E2ED2007983DB /* Main.storyboard */; };
		A9C2B4AD1B8E2ED2007983DB /* Assets.xcassets in Resources */ = {isa = PBXBuildFile; fileRef = A9C2B4AC1B8E2ED2007983DB /* Assets.xcassets */; };
		A9C2B4C91B8E3B3B007983DB /* DialogueManager.swift in Sources */ = {isa = PBXBuildFile; fileRef = A9C2B4BF1B8E3B3B007983DB /* DialogueManager.swift */; };
		A9C2B4CA1B8E3B3B007983DB /* Dialogue.swift in Sources */ = {isa = PBXBuildFile; fileRef = A9C2B4C01B8E3B3B007983DB /* Dialogue.swift */; };
		A9C2B4CD1B8E3B3B007983DB /* Hero.swift in Sources */ = {isa = PBXBuildFile; fileRef = A9C2B4C31B8E3B3B007983DB /* Hero.swift */; };
		A9C2B4CE1B8E3B3B007983DB /* Alien.swift in Sources */ = {isa = PBXBuildFile; fileRef = A9C2B4C41B8E3B3B007983DB /* Alien.swift */; };
		A9C2B4CF1B8E3B3B007983DB /* AlienAdventureScene.swift in Sources */ = {isa = PBXBuildFile; fileRef = A9C2B4C51B8E3B3B007983DB /* AlienAdventureScene.swift */; };
		A9C2B4D01B8E3B3B007983DB /* AlienAdventureViewController.swift in Sources */ = {isa = PBXBuildFile; fileRef = A9C2B4C61B8E3B3B007983DB /* AlienAdventureViewController.swift */; };
		A9C2B4D11B8E3B3B007983DB /* SKMultiLabelNode.swift in Sources */ = {isa = PBXBuildFile; fileRef = A9C2B4C71B8E3B3B007983DB /* SKMultiLabelNode.swift */; };
		A9DA77DE1BC6D1200040D29C /* BadgeManager.swift in Sources */ = {isa = PBXBuildFile; fileRef = A9DA77DD1BC6D1200040D29C /* BadgeManager.swift */; };
		A9E41A871D1C030F00D5B0AB /* LaunchScreen.xib in Resources */ = {isa = PBXBuildFile; fileRef = A9E41A851D1C030F00D5B0AB /* LaunchScreen.xib */; };
		A9E61FEB1BC6AC11001414C0 /* tealAlien.atlas in Resources */ = {isa = PBXBuildFile; fileRef = A9E61FEA1BC6AC11001414C0 /* tealAlien.atlas */; };
		A9E61FED1BC6AC2A001414C0 /* magentaAlien.atlas in Resources */ = {isa = PBXBuildFile; fileRef = A9E61FEC1BC6AC2A001414C0 /* magentaAlien.atlas */; };
		A9EBA3BF1BC0CDFA00B795AA /* ItemsFromPlanet.swift in Sources */ = {isa = PBXBuildFile; fileRef = A9EBA3BE1BC0CDFA00B795AA /* ItemsFromPlanet.swift */; };
		A9EBA3C11BC0CE0800B795AA /* OldestItemFromPlanet.swift in Sources */ = {isa = PBXBuildFile; fileRef = A9EBA3C01BC0CE0800B795AA /* OldestItemFromPlanet.swift */; };
		A9EBA3C31BC0CECE00B795AA /* XORCipherKeySearch.swift in Sources */ = {isa = PBXBuildFile; fileRef = A9EBA3C21BC0CECE00B795AA /* XORCipherKeySearch.swift */; };
		A9EE84731BBD8E1A00AD7A82 /* UDCollision.swift in Sources */ = {isa = PBXBuildFile; fileRef = A9EE84721BBD8E1A00AD7A82 /* UDCollision.swift */; };
/* End PBXBuildFile section */

/* Begin PBXFileReference section */
		A90B6FDB1BC2C58600DCBC73 /* ItemList.plist */ = {isa = PBXFileReference; fileEncoding = 4; lastKnownFileType = text.plist.xml; path = ItemList.plist; sourceTree = "<group>"; };
		A90B6FDD1BC2C67300DCBC73 /* PlanetData.json */ = {isa = PBXFileReference; fileEncoding = 4; lastKnownFileType = text.json; path = PlanetData.json; sourceTree = "<group>"; };
		A90B6FE01BC2EF1D00DCBC73 /* AlienAdventure1.swift */ = {isa = PBXFileReference; fileEncoding = 4; lastKnownFileType = sourcecode.swift; path = AlienAdventure1.swift; sourceTree = "<group>"; };
		A90B6FE21BC2EF4C00DCBC73 /* AlienAdventure2.swift */ = {isa = PBXFileReference; fileEncoding = 4; lastKnownFileType = sourcecode.swift; path = AlienAdventure2.swift; sourceTree = "<group>"; };
		A90B6FE41BC2EF5500DCBC73 /* AlienAdventure3.swift */ = {isa = PBXFileReference; fileEncoding = 4; lastKnownFileType = sourcecode.swift; path = AlienAdventure3.swift; sourceTree = "<group>"; };
		A90B6FE61BC2EF5E00DCBC73 /* AlienAdventure4.swift */ = {isa = PBXFileReference; fileEncoding = 4; lastKnownFileType = sourcecode.swift; path = AlienAdventure4.swift; sourceTree = "<group>"; };
		A919BC791BBC5F9D0019C7FA /* MatchMoonRocks.swift */ = {isa = PBXFileReference; fileEncoding = 4; lastKnownFileType = sourcecode.swift; path = MatchMoonRocks.swift; sourceTree = "<group>"; };
		A919BC7C1BBC5FC00019C7FA /* InscriptionEternalStar.swift */ = {isa = PBXFileReference; fileEncoding = 4; lastKnownFileType = sourcecode.swift; path = InscriptionEternalStar.swift; sourceTree = "<group>"; };
		A919BC7E1BBC5FD70019C7FA /* LeastValuableItem.swift */ = {isa = PBXFileReference; fileEncoding = 4; lastKnownFileType = sourcecode.swift; path = LeastValuableItem.swift; sourceTree = "<group>"; };
		A919BC801BBC5FEB0019C7FA /* ShuffleStrings.swift */ = {isa = PBXFileReference; fileEncoding = 4; lastKnownFileType = sourcecode.swift; path = ShuffleStrings.swift; sourceTree = "<group>"; };
		A919BC851BBCA5250019C7FA /* UDLineOfDialogue.swift */ = {isa = PBXFileReference; fileEncoding = 4; lastKnownFileType = sourcecode.swift; path = UDLineOfDialogue.swift; sourceTree = "<group>"; };
		A919BC881BBCA8120019C7FA /* UDRequestSM.swift */ = {isa = PBXFileReference; fileEncoding = 4; lastKnownFileType = sourcecode.swift; path = UDRequestSM.swift; sourceTree = "<group>"; };
		A919BC8A1BBCA83F0019C7FA /* UDGameSM.swift */ = {isa = PBXFileReference; fileEncoding = 4; lastKnownFileType = sourcecode.swift; path = UDGameSM.swift; sourceTree = "<group>"; };
		A96A5A991BC1F71300910C1A /* ItemComparison.swift */ = {isa = PBXFileReference; fileEncoding = 4; lastKnownFileType = sourcecode.swift; path = ItemComparison.swift; sourceTree = "<group>"; };
		A96A5A9B1BC1F72200910C1A /* RarityOfItems.swift */ = {isa = PBXFileReference; fileEncoding = 4; lastKnownFileType = sourcecode.swift; path = RarityOfItems.swift; sourceTree = "<group>"; };
		A96A5A9D1BC1F74300910C1A /* BannedItems.swift */ = {isa = PBXFileReference; fileEncoding = 4; lastKnownFileType = sourcecode.swift; path = BannedItems.swift; sourceTree = "<group>"; };
		A96A5A9F1BC1F74D00910C1A /* PlanetData.swift */ = {isa = PBXFileReference; fileEncoding = 4; lastKnownFileType = sourcecode.swift; path = PlanetData.swift; sourceTree = "<group>"; };
		A96A5AA11BC1F75800910C1A /* MostCommonCharacter.swift */ = {isa = PBXFileReference; fileEncoding = 4; lastKnownFileType = sourcecode.swift; path = MostCommonCharacter.swift; sourceTree = "<group>"; };
		A96A5AA51BC1F7FD00910C1A /* Badge.swift */ = {isa = PBXFileReference; fileEncoding = 4; lastKnownFileType = sourcecode.swift; path = Badge.swift; sourceTree = "<group>"; };
		A96A5AA71BC1F81700910C1A /* SpecialBadge.swift */ = {isa = PBXFileReference; fileEncoding = 4; lastKnownFileType = sourcecode.swift; path = SpecialBadge.swift; sourceTree = "<group>"; };
		A96A5AA91BC1F83F00910C1A /* CheckBadges.swift */ = {isa = PBXFileReference; fileEncoding = 4; lastKnownFileType = sourcecode.swift; path = CheckBadges.swift; sourceTree = "<group>"; };
		A96A5AAB1BC1F86100910C1A /* SettingsViewController.swift */ = {isa = PBXFileReference; fileEncoding = 4; lastKnownFileType = sourcecode.swift; path = SettingsViewController.swift; sourceTree = "<group>"; };
		A96A5AAD1BC204E500910C1A /* PolicingItems.swift */ = {isa = PBXFileReference; fileEncoding = 4; lastKnownFileType = sourcecode.swift; path = PolicingItems.swift; sourceTree = "<group>"; };
		A96A5AAF1BC204F200910C1A /* FindTheLasers.swift */ = {isa = PBXFileReference; fileEncoding = 4; lastKnownFileType = sourcecode.swift; path = FindTheLasers.swift; sourceTree = "<group>"; };
		A96A5AB41BC2051D00910C1A /* RedefinePolicingItems.swift */ = {isa = PBXFileReference; fileEncoding = 4; lastKnownFileType = sourcecode.swift; path = RedefinePolicingItems.swift; sourceTree = "<group>"; };
		A96A5AB61BC2052D00910C1A /* BoostItemValue.swift */ = {isa = PBXFileReference; fileEncoding = 4; lastKnownFileType = sourcecode.swift; path = BoostItemValue.swift; sourceTree = "<group>"; };
		A96A5AB81BC2053C00910C1A /* SortLeastToGreatest.swift */ = {isa = PBXFileReference; fileEncoding = 4; lastKnownFileType = sourcecode.swift; path = SortLeastToGreatest.swift; sourceTree = "<group>"; };
		A96A5ABA1BC2054E00910C1A /* GetCommonItems.swift */ = {isa = PBXFileReference; fileEncoding = 4; lastKnownFileType = sourcecode.swift; path = GetCommonItems.swift; sourceTree = "<group>"; };
		A96A5ABC1BC2055D00910C1A /* TotalBaseValue.swift */ = {isa = PBXFileReference; fileEncoding = 4; lastKnownFileType = sourcecode.swift; path = TotalBaseValue.swift; sourceTree = "<group>"; };
		A96A5AC01BC2057A00910C1A /* RemoveDuplicates.swift */ = {isa = PBXFileReference; fileEncoding = 4; lastKnownFileType = sourcecode.swift; path = RemoveDuplicates.swift; sourceTree = "<group>"; };
		A96A82811BB9DF3B006E27CC /* UDDataLoader.swift */ = {isa = PBXFileReference; fileEncoding = 4; lastKnownFileType = sourcecode.swift; path = UDDataLoader.swift; sourceTree = "<group>"; };
		A96A82831BB9E08E006E27CC /* UDRequest.swift */ = {isa = PBXFileReference; fileEncoding = 4; lastKnownFileType = sourcecode.swift; path = UDRequest.swift; sourceTree = "<group>"; };
		A96A82851BB9E0BA006E27CC /* UDItem.swift */ = {isa = PBXFileReference; fileEncoding = 4; lastKnownFileType = sourcecode.swift; path = UDItem.swift; sourceTree = "<group>"; };
		A96A82871BB9E1DC006E27CC /* UDConversation.swift */ = {isa = PBXFileReference; fileEncoding = 4; lastKnownFileType = sourcecode.swift; path = UDConversation.swift; sourceTree = "<group>"; };
		A96A82891BB9EAC3006E27CC /* UDItemIndex.swift */ = {isa = PBXFileReference; fileEncoding = 4; lastKnownFileType = sourcecode.swift; path = UDItemIndex.swift; sourceTree = "<group>"; };
		A96A828B1BBA18BB006E27CC /* UDAnimation.swift */ = {isa = PBXFileReference; fileEncoding = 4; lastKnownFileType = sourcecode.swift; path = UDAnimation.swift; sourceTree = "<group>"; };
		A98021971BC6E91400349EF5 /* AddBadge.swift */ = {isa = PBXFileReference; fileEncoding = 4; lastKnownFileType = sourcecode.swift; path = AddBadge.swift; sourceTree = "<group>"; };
		A9818DCF1BBB1952001E2606 /* ReverseLongestName.swift */ = {isa = PBXFileReference; fileEncoding = 4; lastKnownFileType = sourcecode.swift; path = ReverseLongestName.swift; sourceTree = "<group>"; };
		A9818DD11BBB4159001E2606 /* UDRequestTester.swift */ = {isa = PBXFileReference; fileEncoding = 4; lastKnownFileType = sourcecode.swift; path = UDRequestTester.swift; sourceTree = "<group>"; };
		A9BD4DC41BAC821800C877DB /* hero.atlas */ = {isa = PBXFileReference; lastKnownFileType = folder.skatlas; path = hero.atlas; sourceTree = "<group>"; };
		A9BD4DC51BAC821800C877DB /* treasure.atlas */ = {isa = PBXFileReference; lastKnownFileType = folder.skatlas; path = treasure.atlas; sourceTree = "<group>"; };
		A9BEF3791BAD0464009FAD66 /* Settings.swift */ = {isa = PBXFileReference; fileEncoding = 4; lastKnownFileType = sourcecode.swift; path = Settings.swift; sourceTree = "<group>"; };
		A9BEF37B1BAD0735009FAD66 /* GameData.plist */ = {isa = PBXFileReference; fileEncoding = 4; lastKnownFileType = text.plist.xml; path = GameData.plist; sourceTree = "<group>"; };
		A9C2B49E1B8E2ED2007983DB /* Alien Adventure.app */ = {isa = PBXFileReference; explicitFileType = wrapper.application; includeInIndex = 0; path = "Alien Adventure.app"; sourceTree = BUILT_PRODUCTS_DIR; };
		A9C2B4A11B8E2ED2007983DB /* AppDelegate.swift */ = {isa = PBXFileReference; lastKnownFileType = sourcecode.swift; path = AppDelegate.swift; sourceTree = "<group>"; };
		A9C2B4AA1B8E2ED2007983DB /* Base */ = {isa = PBXFileReference; lastKnownFileType = file.storyboard; name = Base; path = Base.lproj/Main.storyboard; sourceTree = "<group>"; };
		A9C2B4AC1B8E2ED2007983DB /* Assets.xcassets */ = {isa = PBXFileReference; lastKnownFileType = folder.assetcatalog; path = Assets.xcassets; sourceTree = "<group>"; };
		A9C2B4B11B8E2ED2007983DB /* Info.plist */ = {isa = PBXFileReference; lastKnownFileType = text.plist.xml; path = Info.plist; sourceTree = "<group>"; };
		A9C2B4BF1B8E3B3B007983DB /* DialogueManager.swift */ = {isa = PBXFileReference; fileEncoding = 4; lastKnownFileType = sourcecode.swift; path = DialogueManager.swift; sourceTree = "<group>"; };
		A9C2B4C01B8E3B3B007983DB /* Dialogue.swift */ = {isa = PBXFileReference; fileEncoding = 4; lastKnownFileType = sourcecode.swift; path = Dialogue.swift; sourceTree = "<group>"; };
		A9C2B4C31B8E3B3B007983DB /* Hero.swift */ = {isa = PBXFileReference; fileEncoding = 4; lastKnownFileType = sourcecode.swift; path = Hero.swift; sourceTree = "<group>"; };
		A9C2B4C41B8E3B3B007983DB /* Alien.swift */ = {isa = PBXFileReference; fileEncoding = 4; lastKnownFileType = sourcecode.swift; path = Alien.swift; sourceTree = "<group>"; };
		A9C2B4C51B8E3B3B007983DB /* AlienAdventureScene.swift */ = {isa = PBXFileReference; fileEncoding = 4; lastKnownFileType = sourcecode.swift; path = AlienAdventureScene.swift; sourceTree = "<group>"; };
		A9C2B4C61B8E3B3B007983DB /* AlienAdventureViewController.swift */ = {isa = PBXFileReference; fileEncoding = 4; lastKnownFileType = sourcecode.swift; path = AlienAdventureViewController.swift; sourceTree = "<group>"; };
		A9C2B4C71B8E3B3B007983DB /* SKMultiLabelNode.swift */ = {isa = PBXFileReference; fileEncoding = 4; lastKnownFileType = sourcecode.swift; path = SKMultiLabelNode.swift; sourceTree = "<group>"; };
		A9DA77DD1BC6D1200040D29C /* BadgeManager.swift */ = {isa = PBXFileReference; fileEncoding = 4; lastKnownFileType = sourcecode.swift; path = BadgeManager.swift; sourceTree = "<group>"; };
		A9E41A861D1C030F00D5B0AB /* Base */ = {isa = PBXFileReference; lastKnownFileType = file.xib; name = Base; path = Base.lproj/LaunchScreen.xib; sourceTree = "<group>"; };
		A9E61FEA1BC6AC11001414C0 /* tealAlien.atlas */ = {isa = PBXFileReference; lastKnownFileType = folder.skatlas; path = tealAlien.atlas; sourceTree = "<group>"; };
		A9E61FEC1BC6AC2A001414C0 /* magentaAlien.atlas */ = {isa = PBXFileReference; lastKnownFileType = folder.skatlas; path = magentaAlien.atlas; sourceTree = "<group>"; };
		A9EBA3BE1BC0CDFA00B795AA /* ItemsFromPlanet.swift */ = {isa = PBXFileReference; fileEncoding = 4; lastKnownFileType = sourcecode.swift; path = ItemsFromPlanet.swift; sourceTree = "<group>"; };
		A9EBA3C01BC0CE0800B795AA /* OldestItemFromPlanet.swift */ = {isa = PBXFileReference; fileEncoding = 4; lastKnownFileType = sourcecode.swift; path = OldestItemFromPlanet.swift; sourceTree = "<group>"; };
		A9EBA3C21BC0CECE00B795AA /* XORCipherKeySearch.swift */ = {isa = PBXFileReference; fileEncoding = 4; lastKnownFileType = sourcecode.swift; path = XORCipherKeySearch.swift; sourceTree = "<group>"; };
		A9EE84721BBD8E1A00AD7A82 /* UDCollision.swift */ = {isa = PBXFileReference; fileEncoding = 4; lastKnownFileType = sourcecode.swift; path = UDCollision.swift; sourceTree = "<group>"; };
/* End PBXFileReference section */

/* Begin PBXFrameworksBuildPhase section */
		A9C2B49B1B8E2ED2007983DB /* Frameworks */ = {
			isa = PBXFrameworksBuildPhase;
			buildActionMask = 2147483647;
			files = (
			);
			runOnlyForDeploymentPostprocessing = 0;
		};
/* End PBXFrameworksBuildPhase section */

/* Begin PBXGroup section */
		A90128731BBD6E2A000381C4 /* UI */ = {
			isa = PBXGroup;
			children = (
				A9DA77DD1BC6D1200040D29C /* BadgeManager.swift */,
				A9C2B4C01B8E3B3B007983DB /* Dialogue.swift */,
				A9C2B4BF1B8E3B3B007983DB /* DialogueManager.swift */,
				A9C2B4C71B8E3B3B007983DB /* SKMultiLabelNode.swift */,
			);
			name = UI;
			sourceTree = "<group>";
		};
		A90128741BBD6E99000381C4 /* Actors */ = {
			isa = PBXGroup;
			children = (
				A9C2B4C41B8E3B3B007983DB /* Alien.swift */,
				A9C2B4C31B8E3B3B007983DB /* Hero.swift */,
			);
			name = Actors;
			sourceTree = "<group>";
		};
		A90128751BBD6EAD000381C4 /* Scenes */ = {
			isa = PBXGroup;
			children = (
				A9C2B4C51B8E3B3B007983DB /* AlienAdventureScene.swift */,
			);
			name = Scenes;
			sourceTree = "<group>";
		};
		A90B6FDF1BC2EF0900DCBC73 /* Test Suite */ = {
			isa = PBXGroup;
			children = (
				A90B6FE01BC2EF1D00DCBC73 /* AlienAdventure1.swift */,
				A90B6FE21BC2EF4C00DCBC73 /* AlienAdventure2.swift */,
				A90B6FE41BC2EF5500DCBC73 /* AlienAdventure3.swift */,
				A90B6FE61BC2EF5E00DCBC73 /* AlienAdventure4.swift */,
			);
			name = "Test Suite";
			sourceTree = "<group>";
		};
		A919BC7B1BBC5FA40019C7FA /* Under the Hood */ = {
			isa = PBXGroup;
			children = (
				A9C2B4A11B8E2ED2007983DB /* AppDelegate.swift */,
				A9C2B4C61B8E3B3B007983DB /* AlienAdventureViewController.swift */,
				A9BEF3791BAD0464009FAD66 /* Settings.swift */,
				A9BEF37B1BAD0735009FAD66 /* GameData.plist */,
				A919BC821BBC99CC0019C7FA /* UDEngine */,
				A9F031E81BADFDDD00F50497 /* SpriteKit */,
				A9C2B4BA1B8E2F0C007983DB /* Assets */,
			);
			name = "Under the Hood";
			sourceTree = "<group>";
		};
		A919BC821BBC99CC0019C7FA /* UDEngine */ = {
			isa = PBXGroup;
			children = (
				A919BC841BBCA1B40019C7FA /* Entities */,
				A919BC831BBCA1670019C7FA /* Singletons */,
			);
			name = UDEngine;
			sourceTree = "<group>";
		};
		A919BC831BBCA1670019C7FA /* Singletons */ = {
			isa = PBXGroup;
			children = (
				A96A828B1BBA18BB006E27CC /* UDAnimation.swift */,
				A9EE84721BBD8E1A00AD7A82 /* UDCollision.swift */,
				A96A82811BB9DF3B006E27CC /* UDDataLoader.swift */,
				A96A82891BB9EAC3006E27CC /* UDItemIndex.swift */,
				A919BC871BBCA7E20019C7FA /* State Machines */,
			);
			name = Singletons;
			sourceTree = "<group>";
		};
		A919BC841BBCA1B40019C7FA /* Entities */ = {
			isa = PBXGroup;
			children = (
				A96A82871BB9E1DC006E27CC /* UDConversation.swift */,
				A96A82851BB9E0BA006E27CC /* UDItem.swift */,
				A919BC851BBCA5250019C7FA /* UDLineOfDialogue.swift */,
				A96A82831BB9E08E006E27CC /* UDRequest.swift */,
				A9818DD11BBB4159001E2606 /* UDRequestTester.swift */,
				A90B6FDF1BC2EF0900DCBC73 /* Test Suite */,
			);
			name = Entities;
			sourceTree = "<group>";
		};
		A919BC871BBCA7E20019C7FA /* State Machines */ = {
			isa = PBXGroup;
			children = (
				A919BC8A1BBCA83F0019C7FA /* UDGameSM.swift */,
				A919BC881BBCA8120019C7FA /* UDRequestSM.swift */,
			);
			name = "State Machines";
			sourceTree = "<group>";
		};
		A9C2B4951B8E2ED2007983DB = {
			isa = PBXGroup;
			children = (
				A9C2B4A01B8E2ED2007983DB /* Alien Adventure */,
				A9C2B49F1B8E2ED2007983DB /* Products */,
			);
			sourceTree = "<group>";
		};
		A9C2B49F1B8E2ED2007983DB /* Products */ = {
			isa = PBXGroup;
			children = (
				A9C2B49E1B8E2ED2007983DB /* Alien Adventure.app */,
			);
			name = Products;
			sourceTree = "<group>";
		};
		A9C2B4A01B8E2ED2007983DB /* Alien Adventure */ = {
			isa = PBXGroup;
			children = (
				A9C5392E1BBD9C28006FC339 /* Alien Adventure 1 */,
				A9C5392F1BBD9C34006FC339 /* Alien Adventure 2 */,
				A9C539301BBD9E78006FC339 /* Alien Adventure 3 */,
				A9C539311BBD9E82006FC339 /* Alien Adventure 4 */,
				A919BC7B1BBC5FA40019C7FA /* Under the Hood */,
				A9C2B4BB1B8E2F17007983DB /* Supporting Files */,
			);
			path = "Alien Adventure";
			sourceTree = "<group>";
		};
		A9C2B4BA1B8E2F0C007983DB /* Assets */ = {
			isa = PBXGroup;
			children = (
				A9C2B4AC1B8E2ED2007983DB /* Assets.xcassets */,
				A9BD4DC41BAC821800C877DB /* hero.atlas */,
				A9E61FEA1BC6AC11001414C0 /* tealAlien.atlas */,
				A9E61FEC1BC6AC2A001414C0 /* magentaAlien.atlas */,
				A9BD4DC51BAC821800C877DB /* treasure.atlas */,
				A9C2B4A91B8E2ED2007983DB /* Main.storyboard */,
				A9E41A851D1C030F00D5B0AB /* LaunchScreen.xib */,
			);
			name = Assets;
			sourceTree = "<group>";
		};
		A9C2B4BB1B8E2F17007983DB /* Supporting Files */ = {
			isa = PBXGroup;
			children = (
				A9C2B4B11B8E2ED2007983DB /* Info.plist */,
			);
			name = "Supporting Files";
			sourceTree = "<group>";
		};
		A9C5392E1BBD9C28006FC339 /* Alien Adventure 1 */ = {
			isa = PBXGroup;
			children = (
				A9818DCF1BBB1952001E2606 /* ReverseLongestName.swift */,
				A919BC791BBC5F9D0019C7FA /* MatchMoonRocks.swift */,
				A919BC7C1BBC5FC00019C7FA /* InscriptionEternalStar.swift */,
				A919BC7E1BBC5FD70019C7FA /* LeastValuableItem.swift */,
				A919BC801BBC5FEB0019C7FA /* ShuffleStrings.swift */,
			);
			name = "Alien Adventure 1";
			sourceTree = "<group>";
		};
		A9C5392F1BBD9C34006FC339 /* Alien Adventure 2 */ = {
			isa = PBXGroup;
			children = (
				A9EBA3BE1BC0CDFA00B795AA /* ItemsFromPlanet.swift */,
				A9EBA3C01BC0CE0800B795AA /* OldestItemFromPlanet.swift */,
				A9EBA3C21BC0CECE00B795AA /* XORCipherKeySearch.swift */,
				A96A5A9B1BC1F72200910C1A /* RarityOfItems.swift */,
				A96A5A991BC1F71300910C1A /* ItemComparison.swift */,
				A96A5A9D1BC1F74300910C1A /* BannedItems.swift */,
				A96A5A9F1BC1F74D00910C1A /* PlanetData.swift */,
				A96A5AA11BC1F75800910C1A /* MostCommonCharacter.swift */,
				A90B6FDB1BC2C58600DCBC73 /* ItemList.plist */,
				A90B6FDD1BC2C67300DCBC73 /* PlanetData.json */,
			);
			name = "Alien Adventure 2";
			sourceTree = "<group>";
		};
		A9C539301BBD9E78006FC339 /* Alien Adventure 3 */ = {
			isa = PBXGroup;
			children = (
				A96A5AA51BC1F7FD00910C1A /* Badge.swift */,
				A96A5AA71BC1F81700910C1A /* SpecialBadge.swift */,
				A98021971BC6E91400349EF5 /* AddBadge.swift */,
				A96A5AA91BC1F83F00910C1A /* CheckBadges.swift */,
				A96A5AAB1BC1F86100910C1A /* SettingsViewController.swift */,
			);
			name = "Alien Adventure 3";
			sourceTree = "<group>";
		};
		A9C539311BBD9E82006FC339 /* Alien Adventure 4 */ = {
			isa = PBXGroup;
			children = (
				A96A5AAD1BC204E500910C1A /* PolicingItems.swift */,
				A96A5AAF1BC204F200910C1A /* FindTheLasers.swift */,
				A96A5AB41BC2051D00910C1A /* RedefinePolicingItems.swift */,
				A96A5AB61BC2052D00910C1A /* BoostItemValue.swift */,
				A96A5AB81BC2053C00910C1A /* SortLeastToGreatest.swift */,
				A96A5ABA1BC2054E00910C1A /* GetCommonItems.swift */,
				A96A5ABC1BC2055D00910C1A /* TotalBaseValue.swift */,
				A96A5AC01BC2057A00910C1A /* RemoveDuplicates.swift */,
			);
			name = "Alien Adventure 4";
			sourceTree = "<group>";
		};
		A9F031E81BADFDDD00F50497 /* SpriteKit */ = {
			isa = PBXGroup;
			children = (
				A90128741BBD6E99000381C4 /* Actors */,
				A90128751BBD6EAD000381C4 /* Scenes */,
				A90128731BBD6E2A000381C4 /* UI */,
			);
			name = SpriteKit;
			sourceTree = "<group>";
		};
/* End PBXGroup section */

/* Begin PBXNativeTarget section */
		A9C2B49D1B8E2ED2007983DB /* Alien Adventure */ = {
			isa = PBXNativeTarget;
			buildConfigurationList = A9C2B4B41B8E2ED2007983DB /* Build configuration list for PBXNativeTarget "Alien Adventure" */;
			buildPhases = (
				A9C2B49A1B8E2ED2007983DB /* Sources */,
				A9C2B49B1B8E2ED2007983DB /* Frameworks */,
				A9C2B49C1B8E2ED2007983DB /* Resources */,
			);
			buildRules = (
			);
			dependencies = (
			);
			name = "Alien Adventure";
			productName = "Alien Adventure";
			productReference = A9C2B49E1B8E2ED2007983DB /* Alien Adventure.app */;
			productType = "com.apple.product-type.application";
		};
/* End PBXNativeTarget section */

/* Begin PBXProject section */
		A9C2B4961B8E2ED2007983DB /* Project object */ = {
			isa = PBXProject;
			attributes = {
				LastUpgradeCheck = 0700;
				ORGANIZATIONNAME = Udacity;
				TargetAttributes = {
					A9C2B49D1B8E2ED2007983DB = {
						CreatedOnToolsVersion = 7.0;
					};
				};
			};
			buildConfigurationList = A9C2B4991B8E2ED2007983DB /* Build configuration list for PBXProject "Alien Adventure" */;
			compatibilityVersion = "Xcode 3.2";
			developmentRegion = English;
			hasScannedForEncodings = 0;
			knownRegions = (
				en,
				Base,
			);
			mainGroup = A9C2B4951B8E2ED2007983DB;
			productRefGroup = A9C2B49F1B8E2ED2007983DB /* Products */;
			projectDirPath = "";
			projectRoot = "";
			targets = (
				A9C2B49D1B8E2ED2007983DB /* Alien Adventure */,
			);
		};
/* End PBXProject section */

/* Begin PBXResourcesBuildPhase section */
		A9C2B49C1B8E2ED2007983DB /* Resources */ = {
			isa = PBXResourcesBuildPhase;
			buildActionMask = 2147483647;
			files = (
				A9E41A871D1C030F00D5B0AB /* LaunchScreen.xib in Resources */,
				A9BD4DC81BAC821800C877DB /* treasure.atlas in Resources */,
				A9E61FED1BC6AC2A001414C0 /* magentaAlien.atlas in Resources */,
				A9BD4DC71BAC821800C877DB /* hero.atlas in Resources */,
				A9E61FEB1BC6AC11001414C0 /* tealAlien.atlas in Resources */,
				A90B6FDC1BC2C58600DCBC73 /* ItemList.plist in Resources */,
				A9C2B4AD1B8E2ED2007983DB /* Assets.xcassets in Resources */,
				A9BEF37C1BAD0735009FAD66 /* GameData.plist in Resources */,
				A90B6FDE1BC2C67300DCBC73 /* PlanetData.json in Resources */,
				A9C2B4AB1B8E2ED2007983DB /* Main.storyboard in Resources */,
			);
			runOnlyForDeploymentPostprocessing = 0;
		};
/* End PBXResourcesBuildPhase section */

/* Begin PBXSourcesBuildPhase section */
		A9C2B49A1B8E2ED2007983DB /* Sources */ = {
			isa = PBXSourcesBuildPhase;
			buildActionMask = 2147483647;
			files = (
				A9C2B4A21B8E2ED2007983DB /* AppDelegate.swift in Sources */,
				A96A828A1BB9EAC3006E27CC /* UDItemIndex.swift in Sources */,
				A96A5AB71BC2052D00910C1A /* BoostItemValue.swift in Sources */,
				A96A82821BB9DF3B006E27CC /* UDDataLoader.swift in Sources */,
				A96A5ABB1BC2054E00910C1A /* GetCommonItems.swift in Sources */,
				A96A82841BB9E08E006E27CC /* UDRequest.swift in Sources */,
				A90B6FE11BC2EF1D00DCBC73 /* AlienAdventure1.swift in Sources */,
				A919BC8B1BBCA83F0019C7FA /* UDGameSM.swift in Sources */,
				A96A5A9A1BC1F71300910C1A /* ItemComparison.swift in Sources */,
				A90B6FE51BC2EF5500DCBC73 /* AlienAdventure3.swift in Sources */,
				A9C2B4CA1B8E3B3B007983DB /* Dialogue.swift in Sources */,
				A96A5A9C1BC1F72200910C1A /* RarityOfItems.swift in Sources */,
				A96A5AAC1BC1F86100910C1A /* SettingsViewController.swift in Sources */,
				A96A5AA81BC1F81700910C1A /* SpecialBadge.swift in Sources */,
				A9DA77DE1BC6D1200040D29C /* BadgeManager.swift in Sources */,
				A9818DD21BBB4159001E2606 /* UDRequestTester.swift in Sources */,
				A96A82861BB9E0BA006E27CC /* UDItem.swift in Sources */,
				A9BEF37A1BAD0464009FAD66 /* Settings.swift in Sources */,
				A9C2B4CE1B8E3B3B007983DB /* Alien.swift in Sources */,
				A96A5AC11BC2057A00910C1A /* RemoveDuplicates.swift in Sources */,
				A9818DD01BBB1952001E2606 /* ReverseLongestName.swift in Sources */,
				A9EBA3C31BC0CECE00B795AA /* XORCipherKeySearch.swift in Sources */,
				A96A5AB51BC2051D00910C1A /* RedefinePolicingItems.swift in Sources */,
				A919BC891BBCA8120019C7FA /* UDRequestSM.swift in Sources */,
				A919BC7F1BBC5FD70019C7FA /* LeastValuableItem.swift in Sources */,
				A9EBA3BF1BC0CDFA00B795AA /* ItemsFromPlanet.swift in Sources */,
				A919BC811BBC5FEB0019C7FA /* ShuffleStrings.swift in Sources */,
				A9EE84731BBD8E1A00AD7A82 /* UDCollision.swift in Sources */,
				A9C2B4D01B8E3B3B007983DB /* AlienAdventureViewController.swift in Sources */,
				A96A5AA21BC1F75800910C1A /* MostCommonCharacter.swift in Sources */,
				A919BC7D1BBC5FC00019C7FA /* InscriptionEternalStar.swift in Sources */,
				A96A5A9E1BC1F74300910C1A /* BannedItems.swift in Sources */,
				A96A5AB01BC204F200910C1A /* FindTheLasers.swift in Sources */,
				A96A5AAA1BC1F83F00910C1A /* CheckBadges.swift in Sources */,
				A96A5AA61BC1F7FD00910C1A /* Badge.swift in Sources */,
				A96A5AAE1BC204E500910C1A /* PolicingItems.swift in Sources */,
				A96A82881BB9E1DC006E27CC /* UDConversation.swift in Sources */,
				A96A5AB91BC2053C00910C1A /* SortLeastToGreatest.swift in Sources */,
				A98021981BC6E91400349EF5 /* AddBadge.swift in Sources */,
				A9C2B4CD1B8E3B3B007983DB /* Hero.swift in Sources */,
				A90B6FE71BC2EF5E00DCBC73 /* AlienAdventure4.swift in Sources */,
				A96A5ABD1BC2055D00910C1A /* TotalBaseValue.swift in Sources */,
				A96A828C1BBA18BB006E27CC /* UDAnimation.swift in Sources */,
				A96A5AA01BC1F74D00910C1A /* PlanetData.swift in Sources */,
				A9C2B4C91B8E3B3B007983DB /* DialogueManager.swift in Sources */,
				A919BC7A1BBC5F9D0019C7FA /* MatchMoonRocks.swift in Sources */,
				A919BC861BBCA5250019C7FA /* UDLineOfDialogue.swift in Sources */,
				A9C2B4CF1B8E3B3B007983DB /* AlienAdventureScene.swift in Sources */,
				A9C2B4D11B8E3B3B007983DB /* SKMultiLabelNode.swift in Sources */,
				A90B6FE31BC2EF4C00DCBC73 /* AlienAdventure2.swift in Sources */,
				A9EBA3C11BC0CE0800B795AA /* OldestItemFromPlanet.swift in Sources */,
			);
			runOnlyForDeploymentPostprocessing = 0;
		};
/* End PBXSourcesBuildPhase section */

/* Begin PBXVariantGroup section */
		A9C2B4A91B8E2ED2007983DB /* Main.storyboard */ = {
			isa = PBXVariantGroup;
			children = (
				A9C2B4AA1B8E2ED2007983DB /* Base */,
			);
			name = Main.storyboard;
			sourceTree = "<group>";
		};
		A9E41A851D1C030F00D5B0AB /* LaunchScreen.xib */ = {
			isa = PBXVariantGroup;
			children = (
				A9E41A861D1C030F00D5B0AB /* Base */,
			);
			name = LaunchScreen.xib;
			sourceTree = "<group>";
		};
/* End PBXVariantGroup section */

/* Begin XCBuildConfiguration section */
		A9C2B4B21B8E2ED2007983DB /* Debug */ = {
			isa = XCBuildConfiguration;
			buildSettings = {
				ALWAYS_SEARCH_USER_PATHS = NO;
				CLANG_CXX_LANGUAGE_STANDARD = "gnu++0x";
				CLANG_CXX_LIBRARY = "libc++";
				CLANG_ENABLE_MODULES = YES;
				CLANG_ENABLE_OBJC_ARC = YES;
				CLANG_WARN_BOOL_CONVERSION = YES;
				CLANG_WARN_CONSTANT_CONVERSION = YES;
				CLANG_WARN_DIRECT_OBJC_ISA_USAGE = YES_ERROR;
				CLANG_WARN_EMPTY_BODY = YES;
				CLANG_WARN_ENUM_CONVERSION = YES;
				CLANG_WARN_INT_CONVERSION = YES;
				CLANG_WARN_OBJC_ROOT_CLASS = YES_ERROR;
				CLANG_WARN_UNREACHABLE_CODE = YES;
				CLANG_WARN__DUPLICATE_METHOD_MATCH = YES;
				"CODE_SIGN_IDENTITY[sdk=iphoneos*]" = "iPhone Developer";
				COPY_PHASE_STRIP = NO;
				DEBUG_INFORMATION_FORMAT = "dwarf-with-dsym";
				ENABLE_STRICT_OBJC_MSGSEND = YES;
				ENABLE_TESTABILITY = YES;
				GCC_C_LANGUAGE_STANDARD = gnu99;
				GCC_DYNAMIC_NO_PIC = NO;
				GCC_NO_COMMON_BLOCKS = YES;
				GCC_OPTIMIZATION_LEVEL = 0;
				GCC_PREPROCESSOR_DEFINITIONS = (
					"DEBUG=1",
					"$(inherited)",
				);
				GCC_WARN_64_TO_32_BIT_CONVERSION = YES;
				GCC_WARN_ABOUT_RETURN_TYPE = YES_ERROR;
				GCC_WARN_UNDECLARED_SELECTOR = YES;
				GCC_WARN_UNINITIALIZED_AUTOS = YES_AGGRESSIVE;
				GCC_WARN_UNUSED_FUNCTION = YES;
				GCC_WARN_UNUSED_VARIABLE = YES;
				IPHONEOS_DEPLOYMENT_TARGET = 9.0;
				MTL_ENABLE_DEBUG_INFO = YES;
				ONLY_ACTIVE_ARCH = YES;
				SDKROOT = iphoneos;
				SWIFT_OPTIMIZATION_LEVEL = "-Onone";
				TARGETED_DEVICE_FAMILY = "1,2";
			};
			name = Debug;
		};
		A9C2B4B31B8E2ED2007983DB /* Release */ = {
			isa = XCBuildConfiguration;
			buildSettings = {
				ALWAYS_SEARCH_USER_PATHS = NO;
				CLANG_CXX_LANGUAGE_STANDARD = "gnu++0x";
				CLANG_CXX_LIBRARY = "libc++";
				CLANG_ENABLE_MODULES = YES;
				CLANG_ENABLE_OBJC_ARC = YES;
				CLANG_WARN_BOOL_CONVERSION = YES;
				CLANG_WARN_CONSTANT_CONVERSION = YES;
				CLANG_WARN_DIRECT_OBJC_ISA_USAGE = YES_ERROR;
				CLANG_WARN_EMPTY_BODY = YES;
				CLANG_WARN_ENUM_CONVERSION = YES;
				CLANG_WARN_INT_CONVERSION = YES;
				CLANG_WARN_OBJC_ROOT_CLASS = YES_ERROR;
				CLANG_WARN_UNREACHABLE_CODE = YES;
				CLANG_WARN__DUPLICATE_METHOD_MATCH = YES;
				"CODE_SIGN_IDENTITY[sdk=iphoneos*]" = "iPhone Developer";
				COPY_PHASE_STRIP = NO;
				DEBUG_INFORMATION_FORMAT = "dwarf-with-dsym";
				ENABLE_NS_ASSERTIONS = NO;
				ENABLE_STRICT_OBJC_MSGSEND = YES;
				GCC_C_LANGUAGE_STANDARD = gnu99;
				GCC_NO_COMMON_BLOCKS = YES;
				GCC_WARN_64_TO_32_BIT_CONVERSION = YES;
				GCC_WARN_ABOUT_RETURN_TYPE = YES_ERROR;
				GCC_WARN_UNDECLARED_SELECTOR = YES;
				GCC_WARN_UNINITIALIZED_AUTOS = YES_AGGRESSIVE;
				GCC_WARN_UNUSED_FUNCTION = YES;
				GCC_WARN_UNUSED_VARIABLE = YES;
				IPHONEOS_DEPLOYMENT_TARGET = 9.0;
				MTL_ENABLE_DEBUG_INFO = NO;
				SDKROOT = iphoneos;
				TARGETED_DEVICE_FAMILY = "1,2";
				VALIDATE_PRODUCT = YES;
			};
			name = Release;
		};
		A9C2B4B51B8E2ED2007983DB /* Debug */ = {
			isa = XCBuildConfiguration;
			buildSettings = {
				ASSETCATALOG_COMPILER_APPICON_NAME = AppIcon;
				INFOPLIST_FILE = "Alien Adventure/Info.plist";
				LD_RUNPATH_SEARCH_PATHS = "$(inherited) @executable_path/Frameworks";
				PRODUCT_BUNDLE_IDENTIFIER = "com.udacity.Alien-Adventure";
				PRODUCT_NAME = "$(TARGET_NAME)";
			};
			name = Debug;
		};
		A9C2B4B61B8E2ED2007983DB /* Release */ = {
			isa = XCBuildConfiguration;
			buildSettings = {
				ASSETCATALOG_COMPILER_APPICON_NAME = AppIcon;
				INFOPLIST_FILE = "Alien Adventure/Info.plist";
				LD_RUNPATH_SEARCH_PATHS = "$(inherited) @executable_path/Frameworks";
				PRODUCT_BUNDLE_IDENTIFIER = "com.udacity.Alien-Adventure";
				PRODUCT_NAME = "$(TARGET_NAME)";
			};
			name = Release;
		};
/* End XCBuildConfiguration section */

/* Begin XCConfigurationList section */
		A9C2B4991B8E2ED2007983DB /* Build configuration list for PBXProject "Alien Adventure" */ = {
			isa = XCConfigurationList;
			buildConfigurations = (
				A9C2B4B21B8E2ED2007983DB /* Debug */,
				A9C2B4B31B8E2ED2007983DB /* Release */,
			);
			defaultConfigurationIsVisible = 0;
			defaultConfigurationName = Release;
		};
		A9C2B4B41B8E2ED2007983DB /* Build configuration list for PBXNativeTarget "Alien Adventure" */ = {
			isa = XCConfigurationList;
			buildConfigurations = (
				A9C2B4B51B8E2ED2007983DB /* Debug */,
				A9C2B4B61B8E2ED2007983DB /* Release */,
			);
			defaultConfigurationIsVisible = 0;
			defaultConfigurationName = Release;
		};
/* End XCConfigurationList section */
	};
	rootObject = A9C2B4961B8E2ED2007983DB /* Project object */;
}
